
Microsoft Visual Studio Solution File, Format Version 12.00
# Visual Studio Version 16
VisualStudioVersion = 16.0.30907.101
MinimumVisualStudioVersion = 10.0.40219.1
Project("{FAE04EC0-301F-11D3-BF4B-00C04F79EFBC}") = "Noted", "Noted\Noted.csproj", "{142562DF-31CB-4FEC-B97B-BDC7303D064C}"
EndProject
Global
	GlobalSection(SolutionConfigurationPlatforms) = preSolution
		Debug|Any CPU = Debug|Any CPU
		Release|Any CPU = Release|Any CPU
	EndGlobalSection
	GlobalSection(ProjectConfigurationPlatforms) = postSolution
		{142562DF-31CB-4FEC-B97B-BDC7303D064C}.Debug|Any CPU.ActiveCfg = Debug|Any CPU
		{142562DF-31CB-4FEC-B97B-BDC7303D064C}.Debug|Any CPU.Build.0 = Debug|Any CPU
		{142562DF-31CB-4FEC-B97B-BDC7303D064C}.Release|Any CPU.ActiveCfg = Release|Any CPU
		{142562DF-31CB-4FEC-B97B-BDC7303D064C}.Release|Any CPU.Build.0 = Release|Any CPU
	EndGlobalSection
	GlobalSection(SolutionProperties) = preSolution
		HideSolutionNode = FALSE
	EndGlobalSection
	GlobalSection(ExtensibilityGlobals) = postSolution
		SolutionGuid = {E5B53FCE-A6C3-4F7B-80AC-764A226502AF}
	EndGlobalSection
EndGlobal
